
Microsoft Visual Studio Solution File, Format Version 12.00
# Visual Studio Version 17
VisualStudioVersion = 17.5.33516.290
MinimumVisualStudioVersion = 10.0.40219.1
Project("{FAE04EC0-301F-11D3-BF4B-00C04F79EFBC}") = "EfEdmxDesigner", "EfEdmxDesigner\EfEdmxDesigner.csproj", "{C437DB56-D8D6-47ED-B8DD-460E23E2A12F}"
EndProject
Global
	GlobalSection(SolutionConfigurationPlatforms) = preSolution
		Debug|Any CPU = Debug|Any CPU
		Release|Any CPU = Release|Any CPU
	EndGlobalSection
	GlobalSection(ProjectConfigurationPlatforms) = postSolution
		{C437DB56-D8D6-47ED-B8DD-460E23E2A12F}.Debug|Any CPU.ActiveCfg = Debug|Any CPU
		{C437DB56-D8D6-47ED-B8DD-460E23E2A12F}.Debug|Any CPU.Build.0 = Debug|Any CPU
		{C437DB56-D8D6-47ED-B8DD-460E23E2A12F}.Release|Any CPU.ActiveCfg = Release|Any CPU
		{C437DB56-D8D6-47ED-B8DD-460E23E2A12F}.Release|Any CPU.Build.0 = Release|Any CPU
	EndGlobalSection
	GlobalSection(SolutionProperties) = preSolution
		HideSolutionNode = FALSE
	EndGlobalSection
	GlobalSection(ExtensibilityGlobals) = postSolution
		SolutionGuid = {95F2CA1D-DEE1-401F-A54A-F6E35D1C679F}
	EndGlobalSection
EndGlobal
