
Microsoft Visual Studio Solution File, Format Version 12.00
# Visual Studio 15
VisualStudioVersion = 15.0.33529.398
MinimumVisualStudioVersion = 10.0.40219.1
Project("{FAE04EC0-301F-11D3-BF4B-00C04F79EFBC}") = "OdeToFood", "OdeToFood\OdeToFood.csproj", "{6C9B7559-3358-46FD-B18D-2F69CE9E7153}"
EndProject
Global
	GlobalSection(SolutionConfigurationPlatforms) = preSolution
		Debug|Any CPU = Debug|Any CPU
		Release|Any CPU = Release|Any CPU
	EndGlobalSection
	GlobalSection(ProjectConfigurationPlatforms) = postSolution
		{6C9B7559-3358-46FD-B18D-2F69CE9E7153}.Debug|Any CPU.ActiveCfg = Debug|Any CPU
		{6C9B7559-3358-46FD-B18D-2F69CE9E7153}.Debug|Any CPU.Build.0 = Debug|Any CPU
		{6C9B7559-3358-46FD-B18D-2F69CE9E7153}.Release|Any CPU.ActiveCfg = Release|Any CPU
		{6C9B7559-3358-46FD-B18D-2F69CE9E7153}.Release|Any CPU.Build.0 = Release|Any CPU
	EndGlobalSection
	GlobalSection(SolutionProperties) = preSolution
		HideSolutionNode = FALSE
	EndGlobalSection
	GlobalSection(ExtensibilityGlobals) = postSolution
		SolutionGuid = {BA8080C7-E410-41D4-B30E-43750C5D90C7}
	EndGlobalSection
EndGlobal
