
Microsoft Visual Studio Solution File, Format Version 12.00
# Visual Studio Version 17
VisualStudioVersion = 17.5.33516.290
MinimumVisualStudioVersion = 10.0.40219.1
Project("{FAE04EC0-301F-11D3-BF4B-00C04F79EFBC}") = "MvcAuthontication", "MvcAuthontication\MvcAuthontication.csproj", "{52CA1A74-7CB2-4294-9869-662B144DDE02}"
EndProject
Global
	GlobalSection(SolutionConfigurationPlatforms) = preSolution
		Debug|Any CPU = Debug|Any CPU
		Release|Any CPU = Release|Any CPU
	EndGlobalSection
	GlobalSection(ProjectConfigurationPlatforms) = postSolution
		{52CA1A74-7CB2-4294-9869-662B144DDE02}.Debug|Any CPU.ActiveCfg = Debug|Any CPU
		{52CA1A74-7CB2-4294-9869-662B144DDE02}.Debug|Any CPU.Build.0 = Debug|Any CPU
		{52CA1A74-7CB2-4294-9869-662B144DDE02}.Release|Any CPU.ActiveCfg = Release|Any CPU
		{52CA1A74-7CB2-4294-9869-662B144DDE02}.Release|Any CPU.Build.0 = Release|Any CPU
	EndGlobalSection
	GlobalSection(SolutionProperties) = preSolution
		HideSolutionNode = FALSE
	EndGlobalSection
	GlobalSection(ExtensibilityGlobals) = postSolution
		SolutionGuid = {A8548B2B-CCDD-4F5F-97F1-9DBCE8D2C28C}
	EndGlobalSection
EndGlobal
