
Microsoft Visual Studio Solution File, Format Version 12.00
# Visual Studio Version 17
VisualStudioVersion = 17.5.33516.290
MinimumVisualStudioVersion = 10.0.40219.1
Project("{FAE04EC0-301F-11D3-BF4B-00C04F79EFBC}") = "DatabaseFirst", "DatabaseFirst\DatabaseFirst.csproj", "{50A87D8C-69E5-4AE1-B9C0-55416FFE0507}"
EndProject
Global
	GlobalSection(SolutionConfigurationPlatforms) = preSolution
		Debug|Any CPU = Debug|Any CPU
		Release|Any CPU = Release|Any CPU
	EndGlobalSection
	GlobalSection(ProjectConfigurationPlatforms) = postSolution
		{50A87D8C-69E5-4AE1-B9C0-55416FFE0507}.Debug|Any CPU.ActiveCfg = Debug|Any CPU
		{50A87D8C-69E5-4AE1-B9C0-55416FFE0507}.Debug|Any CPU.Build.0 = Debug|Any CPU
		{50A87D8C-69E5-4AE1-B9C0-55416FFE0507}.Release|Any CPU.ActiveCfg = Release|Any CPU
		{50A87D8C-69E5-4AE1-B9C0-55416FFE0507}.Release|Any CPU.Build.0 = Release|Any CPU
	EndGlobalSection
	GlobalSection(SolutionProperties) = preSolution
		HideSolutionNode = FALSE
	EndGlobalSection
	GlobalSection(ExtensibilityGlobals) = postSolution
		SolutionGuid = {76389B41-5F97-4F77-950F-BB78EB7A0E69}
	EndGlobalSection
EndGlobal
