
Microsoft Visual Studio Solution File, Format Version 12.00
# Visual Studio Version 17
VisualStudioVersion = 17.5.33516.290
MinimumVisualStudioVersion = 10.0.40219.1
Project("{FAE04EC0-301F-11D3-BF4B-00C04F79EFBC}") = "Efcodefirst", "Efcodefirst\Efcodefirst.csproj", "{7993E708-F773-4C3D-B068-AF1193EB57CF}"
EndProject
Global
	GlobalSection(SolutionConfigurationPlatforms) = preSolution
		Debug|Any CPU = Debug|Any CPU
		Release|Any CPU = Release|Any CPU
	EndGlobalSection
	GlobalSection(ProjectConfigurationPlatforms) = postSolution
		{7993E708-F773-4C3D-B068-AF1193EB57CF}.Debug|Any CPU.ActiveCfg = Debug|Any CPU
		{7993E708-F773-4C3D-B068-AF1193EB57CF}.Debug|Any CPU.Build.0 = Debug|Any CPU
		{7993E708-F773-4C3D-B068-AF1193EB57CF}.Release|Any CPU.ActiveCfg = Release|Any CPU
		{7993E708-F773-4C3D-B068-AF1193EB57CF}.Release|Any CPU.Build.0 = Release|Any CPU
	EndGlobalSection
	GlobalSection(SolutionProperties) = preSolution
		HideSolutionNode = FALSE
	EndGlobalSection
	GlobalSection(ExtensibilityGlobals) = postSolution
		SolutionGuid = {6019C708-2E41-44DF-84CC-19356DF2C02D}
	EndGlobalSection
EndGlobal
