
Microsoft Visual Studio Solution File, Format Version 12.00
# Visual Studio 15
VisualStudioVersion = 15.0.33529.398
MinimumVisualStudioVersion = 10.0.40219.1
Project("{9A19103F-16F7-4668-BE54-9A1E7A4F7556}") = "CodeToFood", "CodeToFood\CodeToFood.csproj", "{174E0C86-1FDF-40FF-83FD-EF487C7B0277}"
EndProject
Global
	GlobalSection(SolutionConfigurationPlatforms) = preSolution
		Debug|Any CPU = Debug|Any CPU
		Release|Any CPU = Release|Any CPU
	EndGlobalSection
	GlobalSection(ProjectConfigurationPlatforms) = postSolution
		{174E0C86-1FDF-40FF-83FD-EF487C7B0277}.Debug|Any CPU.ActiveCfg = Debug|Any CPU
		{174E0C86-1FDF-40FF-83FD-EF487C7B0277}.Debug|Any CPU.Build.0 = Debug|Any CPU
		{174E0C86-1FDF-40FF-83FD-EF487C7B0277}.Release|Any CPU.ActiveCfg = Release|Any CPU
		{174E0C86-1FDF-40FF-83FD-EF487C7B0277}.Release|Any CPU.Build.0 = Release|Any CPU
	EndGlobalSection
	GlobalSection(SolutionProperties) = preSolution
		HideSolutionNode = FALSE
	EndGlobalSection
	GlobalSection(ExtensibilityGlobals) = postSolution
		SolutionGuid = {5DA2D9D7-0AE4-4DA1-8F03-69591C6E1BAF}
	EndGlobalSection
EndGlobal
