
Microsoft Visual Studio Solution File, Format Version 12.00
# Visual Studio Version 17
VisualStudioVersion = 17.4.33403.182
MinimumVisualStudioVersion = 10.0.40219.1
Project("{FAE04EC0-301F-11D3-BF4B-00C04F79EFBC}") = "class_object", "class_object\class_object.csproj", "{17AFB198-BB69-4BBA-97E1-C5685BCE0717}"
EndProject
Global
	GlobalSection(SolutionConfigurationPlatforms) = preSolution
		Debug|Any CPU = Debug|Any CPU
		Release|Any CPU = Release|Any CPU
	EndGlobalSection
	GlobalSection(ProjectConfigurationPlatforms) = postSolution
		{17AFB198-BB69-4BBA-97E1-C5685BCE0717}.Debug|Any CPU.ActiveCfg = Debug|Any CPU
		{17AFB198-BB69-4BBA-97E1-C5685BCE0717}.Debug|Any CPU.Build.0 = Debug|Any CPU
		{17AFB198-BB69-4BBA-97E1-C5685BCE0717}.Release|Any CPU.ActiveCfg = Release|Any CPU
		{17AFB198-BB69-4BBA-97E1-C5685BCE0717}.Release|Any CPU.Build.0 = Release|Any CPU
	EndGlobalSection
	GlobalSection(SolutionProperties) = preSolution
		HideSolutionNode = FALSE
	EndGlobalSection
	GlobalSection(ExtensibilityGlobals) = postSolution
		SolutionGuid = {2A469CF9-A5B6-47C5-B5EF-D21FB5C541F2}
	EndGlobalSection
EndGlobal
