
Microsoft Visual Studio Solution File, Format Version 12.00
# Visual Studio Version 17
VisualStudioVersion = 17.4.33403.182
MinimumVisualStudioVersion = 10.0.40219.1
Project("{FAE04EC0-301F-11D3-BF4B-00C04F79EFBC}") = "branches", "branches\branches.csproj", "{C96490A3-F46B-4BAB-A8DA-38E258C1A657}"
EndProject
Global
	GlobalSection(SolutionConfigurationPlatforms) = preSolution
		Debug|Any CPU = Debug|Any CPU
		Release|Any CPU = Release|Any CPU
	EndGlobalSection
	GlobalSection(ProjectConfigurationPlatforms) = postSolution
		{C96490A3-F46B-4BAB-A8DA-38E258C1A657}.Debug|Any CPU.ActiveCfg = Debug|Any CPU
		{C96490A3-F46B-4BAB-A8DA-38E258C1A657}.Debug|Any CPU.Build.0 = Debug|Any CPU
		{C96490A3-F46B-4BAB-A8DA-38E258C1A657}.Release|Any CPU.ActiveCfg = Release|Any CPU
		{C96490A3-F46B-4BAB-A8DA-38E258C1A657}.Release|Any CPU.Build.0 = Release|Any CPU
	EndGlobalSection
	GlobalSection(SolutionProperties) = preSolution
		HideSolutionNode = FALSE
	EndGlobalSection
	GlobalSection(ExtensibilityGlobals) = postSolution
		SolutionGuid = {7265BC01-7905-4227-B816-94571C6F91E9}
	EndGlobalSection
EndGlobal
