
Microsoft Visual Studio Solution File, Format Version 12.00
# Visual Studio Version 17
VisualStudioVersion = 17.5.33516.290
MinimumVisualStudioVersion = 10.0.40219.1
Project("{FAE04EC0-301F-11D3-BF4B-00C04F79EFBC}") = "Modifiers", "Modifiers\Modifiers.csproj", "{FAE4AA34-494A-47BB-9F4E-3A9EB9817D11}"
EndProject
Global
	GlobalSection(SolutionConfigurationPlatforms) = preSolution
		Debug|Any CPU = Debug|Any CPU
		Release|Any CPU = Release|Any CPU
	EndGlobalSection
	GlobalSection(ProjectConfigurationPlatforms) = postSolution
		{FAE4AA34-494A-47BB-9F4E-3A9EB9817D11}.Debug|Any CPU.ActiveCfg = Debug|Any CPU
		{FAE4AA34-494A-47BB-9F4E-3A9EB9817D11}.Debug|Any CPU.Build.0 = Debug|Any CPU
		{FAE4AA34-494A-47BB-9F4E-3A9EB9817D11}.Release|Any CPU.ActiveCfg = Release|Any CPU
		{FAE4AA34-494A-47BB-9F4E-3A9EB9817D11}.Release|Any CPU.Build.0 = Release|Any CPU
	EndGlobalSection
	GlobalSection(SolutionProperties) = preSolution
		HideSolutionNode = FALSE
	EndGlobalSection
	GlobalSection(ExtensibilityGlobals) = postSolution
		SolutionGuid = {20AE0B06-1181-459C-A1F5-A34740CF4109}
	EndGlobalSection
EndGlobal
