
Microsoft Visual Studio Solution File, Format Version 12.00
# Visual Studio Version 17
VisualStudioVersion = 17.5.33516.290
MinimumVisualStudioVersion = 10.0.40219.1
Project("{FAE04EC0-301F-11D3-BF4B-00C04F79EFBC}") = "RelationShip_Between_Classes", "RelationShip_Between_Classes\RelationShip_Between_Classes.csproj", "{C3141528-C531-4687-842D-1C856F74F885}"
EndProject
Global
	GlobalSection(SolutionConfigurationPlatforms) = preSolution
		Debug|Any CPU = Debug|Any CPU
		Release|Any CPU = Release|Any CPU
	EndGlobalSection
	GlobalSection(ProjectConfigurationPlatforms) = postSolution
		{C3141528-C531-4687-842D-1C856F74F885}.Debug|Any CPU.ActiveCfg = Debug|Any CPU
		{C3141528-C531-4687-842D-1C856F74F885}.Debug|Any CPU.Build.0 = Debug|Any CPU
		{C3141528-C531-4687-842D-1C856F74F885}.Release|Any CPU.ActiveCfg = Release|Any CPU
		{C3141528-C531-4687-842D-1C856F74F885}.Release|Any CPU.Build.0 = Release|Any CPU
	EndGlobalSection
	GlobalSection(SolutionProperties) = preSolution
		HideSolutionNode = FALSE
	EndGlobalSection
	GlobalSection(ExtensibilityGlobals) = postSolution
		SolutionGuid = {E61954DD-2F72-4539-A51F-8BD44C966A4F}
	EndGlobalSection
EndGlobal
