
Microsoft Visual Studio Solution File, Format Version 12.00
# Visual Studio Version 17
VisualStudioVersion = 17.5.33516.290
MinimumVisualStudioVersion = 10.0.40219.1
Project("{FAE04EC0-301F-11D3-BF4B-00C04F79EFBC}") = "Asyn", "Asyn\Asyn.csproj", "{C33A0B04-312A-448D-B0BC-0EF3D1CEBBF1}"
EndProject
Global
	GlobalSection(SolutionConfigurationPlatforms) = preSolution
		Debug|Any CPU = Debug|Any CPU
		Release|Any CPU = Release|Any CPU
	EndGlobalSection
	GlobalSection(ProjectConfigurationPlatforms) = postSolution
		{C33A0B04-312A-448D-B0BC-0EF3D1CEBBF1}.Debug|Any CPU.ActiveCfg = Debug|Any CPU
		{C33A0B04-312A-448D-B0BC-0EF3D1CEBBF1}.Debug|Any CPU.Build.0 = Debug|Any CPU
		{C33A0B04-312A-448D-B0BC-0EF3D1CEBBF1}.Release|Any CPU.ActiveCfg = Release|Any CPU
		{C33A0B04-312A-448D-B0BC-0EF3D1CEBBF1}.Release|Any CPU.Build.0 = Release|Any CPU
	EndGlobalSection
	GlobalSection(SolutionProperties) = preSolution
		HideSolutionNode = FALSE
	EndGlobalSection
	GlobalSection(ExtensibilityGlobals) = postSolution
		SolutionGuid = {1A7EFAEF-85C4-4D6F-9A26-4F7175435810}
	EndGlobalSection
EndGlobal
