
Microsoft Visual Studio Solution File, Format Version 12.00
# Visual Studio Version 16
VisualStudioVersion = 16.0.33529.622
MinimumVisualStudioVersion = 10.0.40219.1
Project("{FAE04EC0-301F-11D3-BF4B-00C04F79EFBC}") = "AuthenticationAspnetcore", "AuthenticationAspnetcore\AuthenticationAspnetcore.csproj", "{2EB3825D-56CF-452F-917E-16897F2E9349}"
EndProject
Global
	GlobalSection(SolutionConfigurationPlatforms) = preSolution
		Debug|Any CPU = Debug|Any CPU
		Release|Any CPU = Release|Any CPU
	EndGlobalSection
	GlobalSection(ProjectConfigurationPlatforms) = postSolution
		{2EB3825D-56CF-452F-917E-16897F2E9349}.Debug|Any CPU.ActiveCfg = Debug|Any CPU
		{2EB3825D-56CF-452F-917E-16897F2E9349}.Debug|Any CPU.Build.0 = Debug|Any CPU
		{2EB3825D-56CF-452F-917E-16897F2E9349}.Release|Any CPU.ActiveCfg = Release|Any CPU
		{2EB3825D-56CF-452F-917E-16897F2E9349}.Release|Any CPU.Build.0 = Release|Any CPU
	EndGlobalSection
	GlobalSection(SolutionProperties) = preSolution
		HideSolutionNode = FALSE
	EndGlobalSection
	GlobalSection(ExtensibilityGlobals) = postSolution
		SolutionGuid = {85434128-F5C0-408D-B238-56FD33AB6794}
	EndGlobalSection
EndGlobal
