
Microsoft Visual Studio Solution File, Format Version 12.00
# Visual Studio Version 17
VisualStudioVersion = 17.5.33516.290
MinimumVisualStudioVersion = 10.0.40219.1
Project("{FAE04EC0-301F-11D3-BF4B-00C04F79EFBC}") = "Nullable", "Nullable\Nullable.csproj", "{0839641E-4043-4F66-9972-AA95A1FA2926}"
EndProject
Global
	GlobalSection(SolutionConfigurationPlatforms) = preSolution
		Debug|Any CPU = Debug|Any CPU
		Release|Any CPU = Release|Any CPU
	EndGlobalSection
	GlobalSection(ProjectConfigurationPlatforms) = postSolution
		{0839641E-4043-4F66-9972-AA95A1FA2926}.Debug|Any CPU.ActiveCfg = Debug|Any CPU
		{0839641E-4043-4F66-9972-AA95A1FA2926}.Debug|Any CPU.Build.0 = Debug|Any CPU
		{0839641E-4043-4F66-9972-AA95A1FA2926}.Release|Any CPU.ActiveCfg = Release|Any CPU
		{0839641E-4043-4F66-9972-AA95A1FA2926}.Release|Any CPU.Build.0 = Release|Any CPU
	EndGlobalSection
	GlobalSection(SolutionProperties) = preSolution
		HideSolutionNode = FALSE
	EndGlobalSection
	GlobalSection(ExtensibilityGlobals) = postSolution
		SolutionGuid = {C5A0CEF8-9F43-482C-936B-A60F498AA93C}
	EndGlobalSection
EndGlobal
